Microsoft Visual Studio Solution File, Format Version 11.00
# Visual Studio 2008

Project("{EE6085DB-6C9B-85F4-5FD9-B9B31B020F8D}") = "Starter", "Assembly-CSharp-firstpass.csproj", "{7297A468-5955-C00D-485C-49983AEFB6E7}"
EndProject
Project("{EE6085DB-6C9B-85F4-5FD9-B9B31B020F8D}") = "Starter", "Assembly-CSharp.csproj", "{AC7CAB65-06DD-0C31-4949-AC010F69273B}"
EndProject
Global
	GlobalSection(SolutionConfigurationPlatforms) = preSolution
		Debug|Any CPU = Debug|Any CPU
		Release|Any CPU = Release|Any CPU
	EndGlobalSection
	GlobalSection(ProjectConfigurationPlatforms) = postSolution
		{7297A468-5955-C00D-485C-49983AEFB6E7}.Debug|Any CPU.ActiveCfg = Debug|Any CPU
		{7297A468-5955-C00D-485C-49983AEFB6E7}.Debug|Any CPU.Build.0 = Debug|Any CPU
		{7297A468-5955-C00D-485C-49983AEFB6E7}.Release|Any CPU.ActiveCfg = Release|Any CPU
		{7297A468-5955-C00D-485C-49983AEFB6E7}.Release|Any CPU.Build.0 = Release|Any CPU
		{AC7CAB65-06DD-0C31-4949-AC010F69273B}.Debug|Any CPU.ActiveCfg = Debug|Any CPU
		{AC7CAB65-06DD-0C31-4949-AC010F69273B}.Debug|Any CPU.Build.0 = Debug|Any CPU
		{AC7CAB65-06DD-0C31-4949-AC010F69273B}.Release|Any CPU.ActiveCfg = Release|Any CPU
		{AC7CAB65-06DD-0C31-4949-AC010F69273B}.Release|Any CPU.Build.0 = Release|Any CPU
	EndGlobalSection
	GlobalSection(SolutionProperties) = preSolution
		HideSolutionNode = FALSE
	EndGlobalSection
	GlobalSection(MonoDevelopProperties) = preSolution
		StartupItem = Assembly-CSharp.csproj
	EndGlobalSection
EndGlobal
