<?xml version="1.0" encoding="utf-8"?>
<Project ToolsVersion="4.0" xmlns="http://schemas.microsoft.com/developer/msbuild/2003">
  <ItemGroup>
    <Filter Include="Source Files">
      <UniqueIdentifier>{4FC737F1-C7A5-4376-A066-2A32D752A2FF}</UniqueIdentifier>
      <Extensions>cpp;c;cc;cxx;def;odl;idl;hpj;bat;asm;asmx</Extensions>
    </Filter>
    <Filter Include="Header Files">
      <UniqueIdentifier>{93995380-89BD-4b04-88EB-625FBE52EBFB}</UniqueIdentifier>
      <Extensions>h;hh;hpp;hxx;hm;inl;inc;xsd</Extensions>
    </Filter>
    <Filter Include="Resource Files">
      <UniqueIdentifier>{67DA6AB6-F800-4c08-8B7A-83BB121AAD01}</UniqueIdentifier>
      <Extensions>rc;ico;cur;bmp;dlg;rc2;rct;bin;rgs;gif;jpg;jpeg;jpe;resx;tiff;tif;png;wav;mfcribbon-ms</Extensions>
    </Filter>
    <Filter Include="BaseCode">
      <UniqueIdentifier>{db6e1ed1-d768-461b-a65c-9914479221f4}</UniqueIdentifier>
    </Filter>
    <Filter Include="Source Files\Behaviours">
      <UniqueIdentifier>{489e80ff-dc15-4ab8-a65d-f6e04dd6ee16}</UniqueIdentifier>
    </Filter>
    <Filter Include="Header Files\Behaviours">
      <UniqueIdentifier>{741f0bbf-2d75-4f59-8fb1-14a79c3f4854}</UniqueIdentifier>
    </Filter>
    <Filter Include="Source Files\StateMachine">
      <UniqueIdentifier>{e7c7412c-3144-46de-b139-82f5653170a4}</UniqueIdentifier>
    </Filter>
    <Filter Include="Header Files\BehaviouralTree">
      <UniqueIdentifier>{10623fba-0b51-4241-872f-664142a0549d}</UniqueIdentifier>
    </Filter>
    <Filter Include="Source Files\BehaviouralTree">
      <UniqueIdentifier>{307d2894-7d63-4919-a08d-4145290e1908}</UniqueIdentifier>
    </Filter>
    <Filter Include="Source Files\BehaviouralTree\Nodes">
      <UniqueIdentifier>{404eab8e-b203-4289-8645-13535f3a50cc}</UniqueIdentifier>
    </Filter>
    <Filter Include="Header Files\BehaviouralTree\Nodes">
      <UniqueIdentifier>{e1590ad0-12f7-445d-8386-ea4411a82ea4}</UniqueIdentifier>
    </Filter>
    <Filter Include="Source Files\PathFinding">
      <UniqueIdentifier>{241e2a2f-12e4-4ac3-b350-182e21689e57}</UniqueIdentifier>
    </Filter>
    <Filter Include="Header Files\Agents">
      <UniqueIdentifier>{cee425e8-9a11-4c81-b51c-3793158e8e49}</UniqueIdentifier>
    </Filter>
    <Filter Include="Source Files\Agents">
      <UniqueIdentifier>{c928c65c-a49c-4723-9b77-38ea96dafaa3}</UniqueIdentifier>
    </Filter>
  </ItemGroup>
  <ItemGroup>
    <ClCompile Include="src\BaseApplication.cpp">
      <Filter>BaseCode</Filter>
    </ClCompile>
    <ClCompile Include="src\gl_core_4_4.c">
      <Filter>BaseCode</Filter>
    </ClCompile>
    <ClCompile Include="src\SpriteBatch.cpp">
      <Filter>BaseCode</Filter>
    </ClCompile>
    <ClCompile Include="src\Texture.cpp">
      <Filter>BaseCode</Filter>
    </ClCompile>
    <ClCompile Include="src\Application2D.cpp">
      <Filter>Source Files</Filter>
    </ClCompile>
    <ClCompile Include="src\Font.cpp">
      <Filter>BaseCode</Filter>
    </ClCompile>
    <ClCompile Include="src\Scene.cpp">
      <Filter>Source Files</Filter>
    </ClCompile>
    <ClCompile Include="src\SceneNode.cpp">
      <Filter>Source Files</Filter>
    </ClCompile>
    <ClCompile Include="src\main.cpp">
      <Filter>Source Files</Filter>
    </ClCompile>
    <ClCompile Include="src\Flee.cpp">
      <Filter>Source Files\Behaviours</Filter>
    </ClCompile>
    <ClCompile Include="src\IBehaviour.cpp">
      <Filter>Source Files\Behaviours</Filter>
    </ClCompile>
    <ClCompile Include="src\Seek.cpp">
      <Filter>Source Files\Behaviours</Filter>
    </ClCompile>
    <ClCompile Include="src\Wander.cpp">
      <Filter>Source Files\Behaviours</Filter>
    </ClCompile>
    <ClCompile Include="src\Pursue.cpp">
      <Filter>Source Files\Behaviours</Filter>
    </ClCompile>
    <ClCompile Include="src\Evade.cpp">
      <Filter>Source Files\Behaviours</Filter>
    </ClCompile>
    <ClCompile Include="src\StateMachine.cpp">
      <Filter>Source Files\StateMachine</Filter>
    </ClCompile>
    <ClCompile Include="src\State.cpp">
      <Filter>Source Files\StateMachine</Filter>
    </ClCompile>
    <ClCompile Include="src\BehaviourTree.cpp">
      <Filter>Source Files</Filter>
    </ClCompile>
    <ClCompile Include="src\Sequence.cpp">
      <Filter>Source Files\BehaviouralTree</Filter>
    </ClCompile>
    <ClCompile Include="src\Selector.cpp">
      <Filter>Source Files\BehaviouralTree</Filter>
    </ClCompile>
    <ClCompile Include="src\Composite.cpp">
      <Filter>Source Files\BehaviouralTree</Filter>
    </ClCompile>
    <ClCompile Include="src\InCombat.cpp">
      <Filter>Source Files\BehaviouralTree\Nodes</Filter>
    </ClCompile>
    <ClCompile Include="src\LowHealth.cpp">
      <Filter>Source Files\BehaviouralTree\Nodes</Filter>
    </ClCompile>
    <ClCompile Include="src\LineOfSight.cpp">
      <Filter>Source Files\BehaviouralTree\Nodes</Filter>
    </ClCompile>
    <ClCompile Include="src\InRange.cpp">
      <Filter>Source Files\BehaviouralTree\Nodes</Filter>
    </ClCompile>
    <ClCompile Include="src\SelectTarget.cpp">
      <Filter>Source Files\BehaviouralTree\Nodes</Filter>
    </ClCompile>
    <ClCompile Include="src\Graph.cpp">
      <Filter>Source Files\PathFinding</Filter>
    </ClCompile>
    <ClCompile Include="src\PathFinder.cpp">
      <Filter>Source Files\PathFinding</Filter>
    </ClCompile>
    <ClCompile Include="src\Decorator.cpp">
      <Filter>Source Files\BehaviouralTree</Filter>
    </ClCompile>
    <ClCompile Include="src\Attack.cpp">
      <Filter>Source Files\BehaviouralTree\Nodes</Filter>
    </ClCompile>
    <ClCompile Include="src\Agent.cpp">
      <Filter>Source Files\Agents</Filter>
    </ClCompile>
    <ClCompile Include="src\Archer.cpp">
      <Filter>Source Files\Agents</Filter>
    </ClCompile>
    <ClCompile Include="src\Arrow.cpp">
      <Filter>Source Files\Agents</Filter>
    </ClCompile>
    <ClCompile Include="src\AddPath.cpp">
      <Filter>Source Files\BehaviouralTree\Nodes</Filter>
    </ClCompile>
    <ClCompile Include="src\SeekPath.cpp">
      <Filter>Source Files\BehaviouralTree\Nodes</Filter>
    </ClCompile>
    <ClCompile Include="src\IsDead.cpp">
      <Filter>Source Files\BehaviouralTree\Nodes</Filter>
    </ClCompile>
    <ClCompile Include="src\Heal.cpp">
      <Filter>Source Files\BehaviouralTree\Nodes</Filter>
    </ClCompile>
    <ClCompile Include="src\WanderPath.cpp">
      <Filter>Source Files\BehaviouralTree\Nodes</Filter>
    </ClCompile>
    <ClCompile Include="src\EvadePath.cpp">
      <Filter>Source Files\BehaviouralTree\Nodes</Filter>
    </ClCompile>
  </ItemGroup>
  <ItemGroup>
    <ClInclude Include="src\gl_core_4_4.h">
      <Filter>BaseCode</Filter>
    </ClInclude>
    <ClInclude Include="src\BaseApplication.h">
      <Filter>BaseCode</Filter>
    </ClInclude>
    <ClInclude Include="src\SpriteBatch.h">
      <Filter>BaseCode</Filter>
    </ClInclude>
    <ClInclude Include="src\Texture.h">
      <Filter>BaseCode</Filter>
    </ClInclude>
    <ClInclude Include="src\Font.h">
      <Filter>BaseCode</Filter>
    </ClInclude>
    <ClInclude Include="src\Application2D.h">
      <Filter>Header Files</Filter>
    </ClInclude>
    <ClInclude Include="src\Scene.h">
      <Filter>Header Files</Filter>
    </ClInclude>
    <ClInclude Include="src\SceneNode.h">
      <Filter>Header Files</Filter>
    </ClInclude>
    <ClInclude Include="src\Wander.h">
      <Filter>Header Files\Behaviours</Filter>
    </ClInclude>
    <ClInclude Include="src\Seek.h">
      <Filter>Header Files\Behaviours</Filter>
    </ClInclude>
    <ClInclude Include="src\IBehaviour.h">
      <Filter>Header Files\Behaviours</Filter>
    </ClInclude>
    <ClInclude Include="src\Flee.h">
      <Filter>Header Files\Behaviours</Filter>
    </ClInclude>
    <ClInclude Include="src\StateMachine.h">
      <Filter>Source Files\StateMachine</Filter>
    </ClInclude>
    <ClInclude Include="src\State.h">
      <Filter>Source Files\StateMachine</Filter>
    </ClInclude>
    <ClInclude Include="src\BehaviourTree.h">
      <Filter>Header Files</Filter>
    </ClInclude>
    <ClInclude Include="src\Sequence.h">
      <Filter>Header Files\BehaviouralTree</Filter>
    </ClInclude>
    <ClInclude Include="src\Selector.h">
      <Filter>Header Files\BehaviouralTree</Filter>
    </ClInclude>
    <ClInclude Include="src\Composite.h">
      <Filter>Header Files\BehaviouralTree</Filter>
    </ClInclude>
    <ClInclude Include="src\InCombat.h">
      <Filter>Header Files\BehaviouralTree\Nodes</Filter>
    </ClInclude>
    <ClInclude Include="src\LowHealth.h">
      <Filter>Header Files\BehaviouralTree\Nodes</Filter>
    </ClInclude>
    <ClInclude Include="src\LineOfSight.h">
      <Filter>Header Files\BehaviouralTree\Nodes</Filter>
    </ClInclude>
    <ClInclude Include="src\InRange.h">
      <Filter>Header Files\BehaviouralTree\Nodes</Filter>
    </ClInclude>
    <ClInclude Include="src\SelectTarget.h">
      <Filter>Header Files\BehaviouralTree\Nodes</Filter>
    </ClInclude>
    <ClInclude Include="src\Evade.h">
      <Filter>Header Files\Behaviours</Filter>
    </ClInclude>
    <ClInclude Include="src\Pursue.h">
      <Filter>Header Files\Behaviours</Filter>
    </ClInclude>
    <ClInclude Include="src\Graph.h">
      <Filter>Source Files\PathFinding</Filter>
    </ClInclude>
    <ClInclude Include="src\PathFinder.h">
      <Filter>Source Files\PathFinding</Filter>
    </ClInclude>
    <ClInclude Include="src\Decorator.h">
      <Filter>Header Files\BehaviouralTree</Filter>
    </ClInclude>
    <ClInclude Include="src\Attack.h">
      <Filter>Header Files\BehaviouralTree\Nodes</Filter>
    </ClInclude>
    <ClInclude Include="src\Agent.h">
      <Filter>Header Files\Agents</Filter>
    </ClInclude>
    <ClInclude Include="src\Archer.h">
      <Filter>Header Files\Agents</Filter>
    </ClInclude>
    <ClInclude Include="src\Arrow.h">
      <Filter>Header Files\Agents</Filter>
    </ClInclude>
    <ClInclude Include="src\AddPath.h">
      <Filter>Header Files\BehaviouralTree\Nodes</Filter>
    </ClInclude>
    <ClInclude Include="src\SeekPath.h">
      <Filter>Header Files\BehaviouralTree\Nodes</Filter>
    </ClInclude>
    <ClInclude Include="src\IsDead.h">
      <Filter>Header Files\BehaviouralTree\Nodes</Filter>
    </ClInclude>
    <ClInclude Include="src\Heal.h">
      <Filter>Header Files\BehaviouralTree\Nodes</Filter>
    </ClInclude>
    <ClInclude Include="src\WanderPath.h">
      <Filter>Header Files\BehaviouralTree\Nodes</Filter>
    </ClInclude>
    <ClInclude Include="src\EvadePath.h">
      <Filter>Header Files\BehaviouralTree\Nodes</Filter>
    </ClInclude>
  </ItemGroup>
</Project>